
Microsoft Visual Studio Solution File, Format Version 12.00
# Visual Studio Version 17
VisualStudioVersion = 17.11.35222.181
MinimumVisualStudioVersion = 10.0.40219.1
Project("{FAE04EC0-301F-11D3-BF4B-00C04F79EFBC}") = "OOADGuitarApp", "OOADGuitarApp.csproj", "{7D95789C-9634-4FA8-8432-7DA0A45D2C57}"
EndProject
Global
	GlobalSection(SolutionConfigurationPlatforms) = preSolution
		Debug|Any CPU = Debug|Any CPU
		Release|Any CPU = Release|Any CPU
	EndGlobalSection
	GlobalSection(ProjectConfigurationPlatforms) = postSolution
		{7D95789C-9634-4FA8-8432-7DA0A45D2C57}.Debug|Any CPU.ActiveCfg = Debug|Any CPU
		{7D95789C-9634-4FA8-8432-7DA0A45D2C57}.Debug|Any CPU.Build.0 = Debug|Any CPU
		{7D95789C-9634-4FA8-8432-7DA0A45D2C57}.Release|Any CPU.ActiveCfg = Release|Any CPU
		{7D95789C-9634-4FA8-8432-7DA0A45D2C57}.Release|Any CPU.Build.0 = Release|Any CPU
	EndGlobalSection
	GlobalSection(SolutionProperties) = preSolution
		HideSolutionNode = FALSE
	EndGlobalSection
	GlobalSection(ExtensibilityGlobals) = postSolution
		SolutionGuid = {C5ECAB5D-FDEF-4428-B9B1-F2FD88CF5F2C}
	EndGlobalSection
EndGlobal
